{
  "name": "@pelotech/guacamole-common-js",
  "version": "1.6.0",
  "lockfileVersion": 3,
  "requires": true,
  "packages": {
    "": {
      "name": "@pelotech/guacamole-common-js",
      "version": "1.6.0",
      "license": "Apache-2.0",
      "dependencies": {
        "@types/guacamole-common-js": "^1.5.5"
      },
      "devDependencies": {
        "prettier": "^3.9.8",
        "typescript": "^5.9.3"
      },
      "engines": {
        "node": ">=22"
      }
    },
    "node_modules/@types/guacamole-common-js": {
      "version": "1.5.5",
      "resolved": "https://registry.npmjs.org/@types/guacamole-common-js/-/guacamole-common-js-1.5.5.tgz",
      "integrity": "sha512-dqDYo/PhbOXFGSph23rFDRZRzXdKPXy/nsTkovFMb6P3iGrd0qGB5r5BXHmX5Cr/LK7L1TK9nYrTMbtPkhdXyg==",
      "license": "MIT"
    },
    "node_modules/prettier": {
      "version": "3.9.9",
      "resolved": "https://registry.npmjs.org/prettier/-/prettier-3.9.9.tgz",
      "integrity": "sha512-Z/CJHIkdujO/OtN7nXUii0Rf3VT5SRuhjBA82Xvu2XhBUgX3nhP67T0LHceBdQLex7OOFGTox+Q5Yg8Jk2Qivg==",
      "dev": true,
      "license": "MIT",
      "bin": {
        "prettier": "bin/prettier.cjs"
      },
      "engines": {
        "node": ">=14"
      },
      "funding": {
        "url": "https://github.com/prettier/prettier?sponsor=1"
      }
    },
    "node_modules/typescript": {
      "version": "5.9.3",
      "resolved": "https://registry.npmjs.org/typescript/-/typescript-5.9.3.tgz",
      "integrity": "sha512-jl1vZzPDinLr9eUt3J/t7V6FgNEw9QjvBPdysz9KfQDD41fQrC2Y4vKQdiaUpFT4bXlb1RHhLpp8wtm6M5TgSw==",
      "dev": true,
      "license": "Apache-2.0",
      "bin": {
        "tsc": "bin/tsc",
        "tsserver": "bin/tsserver"
      },
      "engines": {
        "node": ">=14.17"
      }
    }
  }
}
